
Microsoft Visual Studio Solution File, Format Version 12.00
# Visual Studio Version 17
VisualStudioVersion = 17.14.36121.58
MinimumVisualStudioVersion = 10.0.40219.1
Project("{FAE04EC0-301F-11D3-BF4B-00C04F79EFBC}") = "MiniBlogApp", "MiniBlogApp\MiniBlogApp.csproj", "{B24CFA10-D2C4-4B89-808C-732E5B72ECA1}"
EndProject
Global
	GlobalSection(SolutionConfigurationPlatforms) = preSolution
		Debug|Any CPU = Debug|Any CPU
		Release|Any CPU = Release|Any CPU
	EndGlobalSection
	GlobalSection(ProjectConfigurationPlatforms) = postSolution
		{B24CFA10-D2C4-4B89-808C-732E5B72ECA1}.Debug|Any CPU.ActiveCfg = Debug|Any CPU
		{B24CFA10-D2C4-4B89-808C-732E5B72ECA1}.Debug|Any CPU.Build.0 = Debug|Any CPU
		{B24CFA10-D2C4-4B89-808C-732E5B72ECA1}.Release|Any CPU.ActiveCfg = Release|Any CPU
		{B24CFA10-D2C4-4B89-808C-732E5B72ECA1}.Release|Any CPU.Build.0 = Release|Any CPU
	EndGlobalSection
	GlobalSection(SolutionProperties) = preSolution
		HideSolutionNode = FALSE
	EndGlobalSection
	GlobalSection(ExtensibilityGlobals) = postSolution
		SolutionGuid = {C9F00D99-C897-47A4-9A67-572A3B862F58}
	EndGlobalSection
EndGlobal
